// !$*UTF8*$!
{
	archiveVersion = 1;
	classes = {
	};
	objectVersion = 46;
	objects = {

/* Begin PBXBuildFile section */
		00DCC22E59473BDA0C88EFBF /* libPods-EImage.a in Frameworks */ = {isa = PBXBuildFile; fileRef = E76B3F56D382CCFC48C4601A /* libPods-EImage.a */; };
		A1F047CE1E2F0D9E00798D62 /* NSView+VisualEffect.m in Sources */ = {isa = PBXBuildFile; fileRef = A1F047CD1E2F0D9E00798D62 /* NSView+VisualEffect.m */; };
		EE383D841E2CC41D00EF6F41 /* AppDelegate.m in Sources */ = {isa = PBXBuildFile; fileRef = EE383D831E2CC41D00EF6F41 /* AppDelegate.m */; };
		EE383D871E2CC41D00EF6F41 /* main.m in Sources */ = {isa = PBXBuildFile; fileRef = EE383D861E2CC41D00EF6F41 /* main.m */; };
		EE383D891E2CC41D00EF6F41 /* Assets.xcassets in Resources */ = {isa = PBXBuildFile; fileRef = EE383D881E2CC41D00EF6F41 /* Assets.xcassets */; };
		EE383D8C1E2CC41D00EF6F41 /* MainMenu.xib in Resources */ = {isa = PBXBuildFile; fileRef = EE383D8A1E2CC41D00EF6F41 /* MainMenu.xib */; };
		EE383D961E2CC77B00EF6F41 /* DropFileViewController.m in Sources */ = {isa = PBXBuildFile; fileRef = EE383D941E2CC77B00EF6F41 /* DropFileViewController.m */; };
		EE383D971E2CC77B00EF6F41 /* DropFileViewController.xib in Resources */ = {isa = PBXBuildFile; fileRef = EE383D951E2CC77B00EF6F41 /* DropFileViewController.xib */; };
		EE783ACE1E2CFF5F002F2901 /* PreferencesWindowController.m in Sources */ = {isa = PBXBuildFile; fileRef = EE783ACC1E2CFF5F002F2901 /* PreferencesWindowController.m */; };
		EE783ACF1E2CFF5F002F2901 /* PreferencesWindowController.xib in Resources */ = {isa = PBXBuildFile; fileRef = EE783ACD1E2CFF5F002F2901 /* PreferencesWindowController.xib */; };
		EEBF5ED91E2CC96A00907B31 /* DropView.m in Sources */ = {isa = PBXBuildFile; fileRef = EEBF5ED81E2CC96A00907B31 /* DropView.m */; };
		EEBF5EDC1E2CDAE300907B31 /* ECQiNiuUploadManager.m in Sources */ = {isa = PBXBuildFile; fileRef = EEBF5EDB1E2CDAE300907B31 /* ECQiNiuUploadManager.m */; };
		EEF0F36A1E2D1E890030727F /* ProgressView.m in Sources */ = {isa = PBXBuildFile; fileRef = EEF0F3691E2D1E890030727F /* ProgressView.m */; };
/* End PBXBuildFile section */

/* Begin PBXFileReference section */
		A1F047CC1E2F0D9E00798D62 /* NSView+VisualEffect.h */ = {isa = PBXFileReference; fileEncoding = 4; lastKnownFileType = sourcecode.c.h; path = "NSView+VisualEffect.h"; sourceTree = "<group>"; };
		A1F047CD1E2F0D9E00798D62 /* NSView+VisualEffect.m */ = {isa = PBXFileReference; fileEncoding = 4; lastKnownFileType = sourcecode.c.objc; path = "NSView+VisualEffect.m"; sourceTree = "<group>"; };
		B64A4D682DA033CF5D619117 /* Pods-EImage.release.xcconfig */ = {isa = PBXFileReference; includeInIndex = 1; lastKnownFileType = text.xcconfig; name = "Pods-EImage.release.xcconfig"; path = "Pods/Target Support Files/Pods-EImage/Pods-EImage.release.xcconfig"; sourceTree = "<group>"; };
		E76B3F56D382CCFC48C4601A /* libPods-EImage.a */ = {isa = PBXFileReference; explicitFileType = archive.ar; includeInIndex = 0; path = "libPods-EImage.a"; sourceTree = BUILT_PRODUCTS_DIR; };
		EE383D7F1E2CC41D00EF6F41 /* EImage.app */ = {isa = PBXFileReference; explicitFileType = wrapper.application; includeInIndex = 0; path = EImage.app; sourceTree = BUILT_PRODUCTS_DIR; };
		EE383D821E2CC41D00EF6F41 /* AppDelegate.h */ = {isa = PBXFileReference; lastKnownFileType = sourcecode.c.h; path = AppDelegate.h; sourceTree = "<group>"; };
		EE383D831E2CC41D00EF6F41 /* AppDelegate.m */ = {isa = PBXFileReference; lastKnownFileType = sourcecode.c.objc; path = AppDelegate.m; sourceTree = "<group>"; };
		EE383D861E2CC41D00EF6F41 /* main.m */ = {isa = PBXFileReference; lastKnownFileType = sourcecode.c.objc; path = main.m; sourceTree = "<group>"; };
		EE383D881E2CC41D00EF6F41 /* Assets.xcassets */ = {isa = PBXFileReference; lastKnownFileType = folder.assetcatalog; path = Assets.xcassets; sourceTree = "<group>"; };
		EE383D8B1E2CC41D00EF6F41 /* Base */ = {isa = PBXFileReference; lastKnownFileType = file.xib; name = Base; path = Base.lproj/MainMenu.xib; sourceTree = "<group>"; };
		EE383D8D1E2CC41D00EF6F41 /* Info.plist */ = {isa = PBXFileReference; lastKnownFileType = text.plist.xml; path = Info.plist; sourceTree = "<group>"; };
		EE383D931E2CC77B00EF6F41 /* DropFileViewController.h */ = {isa = PBXFileReference; fileEncoding = 4; lastKnownFileType = sourcecode.c.h; path = DropFileViewController.h; sourceTree = "<group>"; };
		EE383D941E2CC77B00EF6F41 /* DropFileViewController.m */ = {isa = PBXFileReference; fileEncoding = 4; lastKnownFileType = sourcecode.c.objc; path = DropFileViewController.m; sourceTree = "<group>"; };
		EE383D951E2CC77B00EF6F41 /* DropFileViewController.xib */ = {isa = PBXFileReference; fileEncoding = 4; lastKnownFileType = file.xib; path = DropFileViewController.xib; sourceTree = "<group>"; };
		EE783ACB1E2CFF5F002F2901 /* PreferencesWindowController.h */ = {isa = PBXFileReference; fileEncoding = 4; lastKnownFileType = sourcecode.c.h; path = PreferencesWindowController.h; sourceTree = "<group>"; };
		EE783ACC1E2CFF5F002F2901 /* PreferencesWindowController.m */ = {isa = PBXFileReference; fileEncoding = 4; lastKnownFileType = sourcecode.c.objc; path = PreferencesWindowController.m; sourceTree = "<group>"; };
		EE783ACD1E2CFF5F002F2901 /* PreferencesWindowController.xib */ = {isa = PBXFileReference; fileEncoding = 4; lastKnownFileType = file.xib; path = PreferencesWindowController.xib; sourceTree = "<group>"; };
		EEBF5ED71E2CC96A00907B31 /* DropView.h */ = {isa = PBXFileReference; fileEncoding = 4; lastKnownFileType = sourcecode.c.h; path = DropView.h; sourceTree = "<group>"; };
		EEBF5ED81E2CC96A00907B31 /* DropView.m */ = {isa = PBXFileReference; fileEncoding = 4; lastKnownFileType = sourcecode.c.objc; path = DropView.m; sourceTree = "<group>"; };
		EEBF5EDA1E2CDAE300907B31 /* ECQiNiuUploadManager.h */ = {isa = PBXFileReference; fileEncoding = 4; lastKnownFileType = sourcecode.c.h; path = ECQiNiuUploadManager.h; sourceTree = "<group>"; };
		EEBF5EDB1E2CDAE300907B31 /* ECQiNiuUploadManager.m */ = {isa = PBXFileReference; fileEncoding = 4; lastKnownFileType = sourcecode.c.objc; path = ECQiNiuUploadManager.m; sourceTree = "<group>"; };
		EEF0F3681E2D1E890030727F /* ProgressView.h */ = {isa = PBXFileReference; fileEncoding = 4; lastKnownFileType = sourcecode.c.h; path = ProgressView.h; sourceTree = "<group>"; };
		EEF0F3691E2D1E890030727F /* ProgressView.m */ = {isa = PBXFileReference; fileEncoding = 4; lastKnownFileType = sourcecode.c.objc; path = ProgressView.m; sourceTree = "<group>"; };
		FD5E343D7ED3A2C3D930F767 /* Pods-EImage.debug.xcconfig */ = {isa = PBXFileReference; includeInIndex = 1; lastKnownFileType = text.xcconfig; name = "Pods-EImage.debug.xcconfig"; path = "Pods/Target Support Files/Pods-EImage/Pods-EImage.debug.xcconfig"; sourceTree = "<group>"; };
/* End PBXFileReference section */

/* Begin PBXFrameworksBuildPhase section */
		EE383D7C1E2CC41C00EF6F41 /* Frameworks */ = {
			isa = PBXFrameworksBuildPhase;
			buildActionMask = 2147483647;
			files = (
				00DCC22E59473BDA0C88EFBF /* libPods-EImage.a in Frameworks */,
			);
			runOnlyForDeploymentPostprocessing = 0;
		};
/* End PBXFrameworksBuildPhase section */

/* Begin PBXGroup section */
		3D41A7211637ABC06CD0F7F3 /* Pods */ = {
			isa = PBXGroup;
			children = (
				FD5E343D7ED3A2C3D930F767 /* Pods-EImage.debug.xcconfig */,
				B64A4D682DA033CF5D619117 /* Pods-EImage.release.xcconfig */,
			);
			name = Pods;
			sourceTree = "<group>";
		};
		86680BBB573FF62DE2129C26 /* Frameworks */ = {
			isa = PBXGroup;
			children = (
				E76B3F56D382CCFC48C4601A /* libPods-EImage.a */,
			);
			name = Frameworks;
			sourceTree = "<group>";
		};
		EE383D761E2CC41C00EF6F41 = {
			isa = PBXGroup;
			children = (
				EE383D811E2CC41D00EF6F41 /* EImage */,
				EE383D801E2CC41D00EF6F41 /* Products */,
				3D41A7211637ABC06CD0F7F3 /* Pods */,
				86680BBB573FF62DE2129C26 /* Frameworks */,
			);
			sourceTree = "<group>";
		};
		EE383D801E2CC41D00EF6F41 /* Products */ = {
			isa = PBXGroup;
			children = (
				EE383D7F1E2CC41D00EF6F41 /* EImage.app */,
			);
			name = Products;
			sourceTree = "<group>";
		};
		EE383D811E2CC41D00EF6F41 /* EImage */ = {
			isa = PBXGroup;
			children = (
				EE383D821E2CC41D00EF6F41 /* AppDelegate.h */,
				EE383D831E2CC41D00EF6F41 /* AppDelegate.m */,
				EE383D931E2CC77B00EF6F41 /* DropFileViewController.h */,
				EE383D941E2CC77B00EF6F41 /* DropFileViewController.m */,
				EE383D951E2CC77B00EF6F41 /* DropFileViewController.xib */,
				EE783ACB1E2CFF5F002F2901 /* PreferencesWindowController.h */,
				EE783ACC1E2CFF5F002F2901 /* PreferencesWindowController.m */,
				EE783ACD1E2CFF5F002F2901 /* PreferencesWindowController.xib */,
				EEBF5ED71E2CC96A00907B31 /* DropView.h */,
				EEBF5ED81E2CC96A00907B31 /* DropView.m */,
				EEF0F3681E2D1E890030727F /* ProgressView.h */,
				EEF0F3691E2D1E890030727F /* ProgressView.m */,
				EEBF5EDA1E2CDAE300907B31 /* ECQiNiuUploadManager.h */,
				EEBF5EDB1E2CDAE300907B31 /* ECQiNiuUploadManager.m */,
				A1F047CC1E2F0D9E00798D62 /* NSView+VisualEffect.h */,
				A1F047CD1E2F0D9E00798D62 /* NSView+VisualEffect.m */,
				EE383D881E2CC41D00EF6F41 /* Assets.xcassets */,
				EE383D8A1E2CC41D00EF6F41 /* MainMenu.xib */,
				EE383D8D1E2CC41D00EF6F41 /* Info.plist */,
				EE383D851E2CC41D00EF6F41 /* Supporting Files */,
			);
			path = EImage;
			sourceTree = "<group>";
		};
		EE383D851E2CC41D00EF6F41 /* Supporting Files */ = {
			isa = PBXGroup;
			children = (
				EE383D861E2CC41D00EF6F41 /* main.m */,
			);
			name = "Supporting Files";
			sourceTree = "<group>";
		};
/* End PBXGroup section */

/* Begin PBXNativeTarget section */
		EE383D7E1E2CC41C00EF6F41 /* EImage */ = {
			isa = PBXNativeTarget;
			buildConfigurationList = EE383D901E2CC41D00EF6F41 /* Build configuration list for PBXNativeTarget "EImage" */;
			buildPhases = (
				7B76C8C2D40B8013F6CCC1A8 /* [CP] Check Pods Manifest.lock */,
				EE383D7B1E2CC41C00EF6F41 /* Sources */,
				EE383D7C1E2CC41C00EF6F41 /* Frameworks */,
				EE383D7D1E2CC41C00EF6F41 /* Resources */,
				5A47BF021A9F4D0E36CA4B38 /* [CP] Embed Pods Frameworks */,
				2618A49FB0F68D99E44FB0A3 /* [CP] Copy Pods Resources */,
			);
			buildRules = (
			);
			dependencies = (
			);
			name = EImage;
			productName = EImage;
			productReference = EE383D7F1E2CC41D00EF6F41 /* EImage.app */;
			productType = "com.apple.product-type.application";
		};
/* End PBXNativeTarget section */

/* Begin PBXProject section */
		EE383D771E2CC41C00EF6F41 /* Project object */ = {
			isa = PBXProject;
			attributes = {
				LastUpgradeCheck = 0820;
				ORGANIZATIONNAME = ELANCHOU;
				TargetAttributes = {
					EE383D7E1E2CC41C00EF6F41 = {
						CreatedOnToolsVersion = 8.2;
						DevelopmentTeam = HSJP264LHP;
						ProvisioningStyle = Automatic;
					};
				};
			};
			buildConfigurationList = EE383D7A1E2CC41C00EF6F41 /* Build configuration list for PBXProject "EImage" */;
			compatibilityVersion = "Xcode 3.2";
			developmentRegion = English;
			hasScannedForEncodings = 0;
			knownRegions = (
				en,
				Base,
			);
			mainGroup = EE383D761E2CC41C00EF6F41;
			productRefGroup = EE383D801E2CC41D00EF6F41 /* Products */;
			projectDirPath = "";
			projectRoot = "";
			targets = (
				EE383D7E1E2CC41C00EF6F41 /* EImage */,
			);
		};
/* End PBXProject section */

/* Begin PBXResourcesBuildPhase section */
		EE383D7D1E2CC41C00EF6F41 /* Resources */ = {
			isa = PBXResourcesBuildPhase;
			buildActionMask = 2147483647;
			files = (
				EE383D971E2CC77B00EF6F41 /* DropFileViewController.xib in Resources */,
				EE383D891E2CC41D00EF6F41 /* Assets.xcassets in Resources */,
				EE383D8C1E2CC41D00EF6F41 /* MainMenu.xib in Resources */,
				EE783ACF1E2CFF5F002F2901 /* PreferencesWindowController.xib in Resources */,
			);
			runOnlyForDeploymentPostprocessing = 0;
		};
/* End PBXResourcesBuildPhase section */

/* Begin PBXShellScriptBuildPhase section */
		2618A49FB0F68D99E44FB0A3 /* [CP] Copy Pods Resources */ = {
			isa = PBXShellScriptBuildPhase;
			buildActionMask = 2147483647;
			files = (
			);
			inputPaths = (
			);
			name = "[CP] Copy Pods Resources";
			outputPaths = (
			);
			runOnlyForDeploymentPostprocessing = 0;
			shellPath = /bin/sh;
			shellScript = "\"${SRCROOT}/Pods/Target Support Files/Pods-EImage/Pods-EImage-resources.sh\"\n";
			showEnvVarsInLog = 0;
		};
		5A47BF021A9F4D0E36CA4B38 /* [CP] Embed Pods Frameworks */ = {
			isa = PBXShellScriptBuildPhase;
			buildActionMask = 2147483647;
			files = (
			);
			inputPaths = (
			);
			name = "[CP] Embed Pods Frameworks";
			outputPaths = (
			);
			runOnlyForDeploymentPostprocessing = 0;
			shellPath = /bin/sh;
			shellScript = "\"${SRCROOT}/Pods/Target Support Files/Pods-EImage/Pods-EImage-frameworks.sh\"\n";
			showEnvVarsInLog = 0;
		};
		7B76C8C2D40B8013F6CCC1A8 /* [CP] Check Pods Manifest.lock */ = {
			isa = PBXShellScriptBuildPhase;
			buildActionMask = 2147483647;
			files = (
			);
			inputPaths = (
			);
			name = "[CP] Check Pods Manifest.lock";
			outputPaths = (
			);
			runOnlyForDeploymentPostprocessing = 0;
			shellPath = /bin/sh;
			shellScript = "diff \"${PODS_ROOT}/../Podfile.lock\" \"${PODS_ROOT}/Manifest.lock\" > /dev/null\nif [ $? != 0 ] ; then\n    # print error to STDERR\n    echo \"error: The sandbox is not in sync with the Podfile.lock. Run 'pod install' or update your CocoaPods installation.\" >&2\n    exit 1\nfi\n";
			showEnvVarsInLog = 0;
		};
/* End PBXShellScriptBuildPhase section */

/* Begin PBXSourcesBuildPhase section */
		EE383D7B1E2CC41C00EF6F41 /* Sources */ = {
			isa = PBXSourcesBuildPhase;
			buildActionMask = 2147483647;
			files = (
				A1F047CE1E2F0D9E00798D62 /* NSView+VisualEffect.m in Sources */,
				EE383D871E2CC41D00EF6F41 /* main.m in Sources */,
				EEBF5ED91E2CC96A00907B31 /* DropView.m in Sources */,
				EE383D961E2CC77B00EF6F41 /* DropFileViewController.m in Sources */,
				EE783ACE1E2CFF5F002F2901 /* PreferencesWindowController.m in Sources */,
				EE383D841E2CC41D00EF6F41 /* AppDelegate.m in Sources */,
				EEF0F36A1E2D1E890030727F /* ProgressView.m in Sources */,
				EEBF5EDC1E2CDAE300907B31 /* ECQiNiuUploadManager.m in Sources */,
			);
			runOnlyForDeploymentPostprocessing = 0;
		};
/* End PBXSourcesBuildPhase section */

/* Begin PBXVariantGroup section */
		EE383D8A1E2CC41D00EF6F41 /* MainMenu.xib */ = {
			isa = PBXVariantGroup;
			children = (
				EE383D8B1E2CC41D00EF6F41 /* Base */,
			);
			name = MainMenu.xib;
			sourceTree = "<group>";
		};
/* End PBXVariantGroup section */

/* Begin XCBuildConfiguration section */
		EE383D8E1E2CC41D00EF6F41 /* Debug */ = {
			isa = XCBuildConfiguration;
			buildSettings = {
				ALWAYS_SEARCH_USER_PATHS = NO;
				CLANG_ANALYZER_NONNULL = YES;
				CLANG_CXX_LANGUAGE_STANDARD = "gnu++0x";
				CLANG_CXX_LIBRARY = "libc++";
				CLANG_ENABLE_MODULES = YES;
				CLANG_ENABLE_OBJC_ARC = YES;
				CLANG_WARN_BOOL_CONVERSION = YES;
				CLANG_WARN_CONSTANT_CONVERSION = YES;
				CLANG_WARN_DIRECT_OBJC_ISA_USAGE = YES_ERROR;
				CLANG_WARN_DOCUMENTATION_COMMENTS = YES;
				CLANG_WARN_EMPTY_BODY = YES;
				CLANG_WARN_ENUM_CONVERSION = YES;
				CLANG_WARN_INFINITE_RECURSION = YES;
				CLANG_WARN_INT_CONVERSION = YES;
				CLANG_WARN_OBJC_ROOT_CLASS = YES_ERROR;
				CLANG_WARN_SUSPICIOUS_MOVE = YES;
				CLANG_WARN_UNREACHABLE_CODE = YES;
				CLANG_WARN__DUPLICATE_METHOD_MATCH = YES;
				CODE_SIGN_IDENTITY = "-";
				COPY_PHASE_STRIP = NO;
				DEBUG_INFORMATION_FORMAT = dwarf;
				ENABLE_STRICT_OBJC_MSGSEND = YES;
				ENABLE_TESTABILITY = YES;
				GCC_C_LANGUAGE_STANDARD = gnu99;
				GCC_DYNAMIC_NO_PIC = NO;
				GCC_NO_COMMON_BLOCKS = YES;
				GCC_OPTIMIZATION_LEVEL = 0;
				GCC_PREPROCESSOR_DEFINITIONS = (
					"DEBUG=1",
					"$(inherited)",
				);
				GCC_WARN_64_TO_32_BIT_CONVERSION = YES;
				GCC_WARN_ABOUT_RETURN_TYPE = YES_ERROR;
				GCC_WARN_UNDECLARED_SELECTOR = YES;
				GCC_WARN_UNINITIALIZED_AUTOS = YES_AGGRESSIVE;
				GCC_WARN_UNUSED_FUNCTION = YES;
				GCC_WARN_UNUSED_VARIABLE = YES;
				MACOSX_DEPLOYMENT_TARGET = 10.11;
				MTL_ENABLE_DEBUG_INFO = YES;
				ONLY_ACTIVE_ARCH = YES;
				SDKROOT = macosx;
			};
			name = Debug;
		};
		EE383D8F1E2CC41D00EF6F41 /* Release */ = {
			isa = XCBuildConfiguration;
			buildSettings = {
				ALWAYS_SEARCH_USER_PATHS = NO;
				CLANG_ANALYZER_NONNULL = YES;
				CLANG_CXX_LANGUAGE_STANDARD = "gnu++0x";
				CLANG_CXX_LIBRARY = "libc++";
				CLANG_ENABLE_MODULES = YES;
				CLANG_ENABLE_OBJC_ARC = YES;
				CLANG_WARN_BOOL_CONVERSION = YES;
				CLANG_WARN_CONSTANT_CONVERSION = YES;
				CLANG_WARN_DIRECT_OBJC_ISA_USAGE = YES_ERROR;
				CLANG_WARN_DOCUMENTATION_COMMENTS = YES;
				CLANG_WARN_EMPTY_BODY = YES;
				CLANG_WARN_ENUM_CONVERSION = YES;
				CLANG_WARN_INFINITE_RECURSION = YES;
				CLANG_WARN_INT_CONVERSION = YES;
				CLANG_WARN_OBJC_ROOT_CLASS = YES_ERROR;
				CLANG_WARN_SUSPICIOUS_MOVE = YES;
				CLANG_WARN_UNREACHABLE_CODE = YES;
				CLANG_WARN__DUPLICATE_METHOD_MATCH = YES;
				CODE_SIGN_IDENTITY = "-";
				COPY_PHASE_STRIP = NO;
				DEBUG_INFORMATION_FORMAT = "dwarf-with-dsym";
				ENABLE_NS_ASSERTIONS = NO;
				ENABLE_STRICT_OBJC_MSGSEND = YES;
				GCC_C_LANGUAGE_STANDARD = gnu99;
				GCC_NO_COMMON_BLOCKS = YES;
				GCC_WARN_64_TO_32_BIT_CONVERSION = YES;
				GCC_WARN_ABOUT_RETURN_TYPE = YES_ERROR;
				GCC_WARN_UNDECLARED_SELECTOR = YES;
				GCC_WARN_UNINITIALIZED_AUTOS = YES_AGGRESSIVE;
				GCC_WARN_UNUSED_FUNCTION = YES;
				GCC_WARN_UNUSED_VARIABLE = YES;
				MACOSX_DEPLOYMENT_TARGET = 10.11;
				MTL_ENABLE_DEBUG_INFO = NO;
				SDKROOT = macosx;
			};
			name = Release;
		};
		EE383D911E2CC41D00EF6F41 /* Debug */ = {
			isa = XCBuildConfiguration;
			baseConfigurationReference = FD5E343D7ED3A2C3D930F767 /* Pods-EImage.debug.xcconfig */;
			buildSettings = {
				ASSETCATALOG_COMPILER_APPICON_NAME = AppIcon;
				COMBINE_HIDPI_IMAGES = YES;
				DEVELOPMENT_TEAM = HSJP264LHP;
				INFOPLIST_FILE = EImage/Info.plist;
				LD_RUNPATH_SEARCH_PATHS = "$(inherited) @executable_path/../Frameworks";
				PRODUCT_BUNDLE_IDENTIFIER = xyz.elanchou.EImage;
				PRODUCT_NAME = "$(TARGET_NAME)";
			};
			name = Debug;
		};
		EE383D921E2CC41D00EF6F41 /* Release */ = {
			isa = XCBuildConfiguration;
			baseConfigurationReference = B64A4D682DA033CF5D619117 /* Pods-EImage.release.xcconfig */;
			buildSettings = {
				ASSETCATALOG_COMPILER_APPICON_NAME = AppIcon;
				COMBINE_HIDPI_IMAGES = YES;
				DEVELOPMENT_TEAM = HSJP264LHP;
				INFOPLIST_FILE = EImage/Info.plist;
				LD_RUNPATH_SEARCH_PATHS = "$(inherited) @executable_path/../Frameworks";
				PRODUCT_BUNDLE_IDENTIFIER = xyz.elanchou.EImage;
				PRODUCT_NAME = "$(TARGET_NAME)";
			};
			name = Release;
		};
/* End XCBuildConfiguration section */

/* Begin XCConfigurationList section */
		EE383D7A1E2CC41C00EF6F41 /* Build configuration list for PBXProject "EImage" */ = {
			isa = XCConfigurationList;
			buildConfigurations = (
				EE383D8E1E2CC41D00EF6F41 /* Debug */,
				EE383D8F1E2CC41D00EF6F41 /* Release */,
			);
			defaultConfigurationIsVisible = 0;
			defaultConfigurationName = Release;
		};
		EE383D901E2CC41D00EF6F41 /* Build configuration list for PBXNativeTarget "EImage" */ = {
			isa = XCConfigurationList;
			buildConfigurations = (
				EE383D911E2CC41D00EF6F41 /* Debug */,
				EE383D921E2CC41D00EF6F41 /* Release */,
			);
			defaultConfigurationIsVisible = 0;
			defaultConfigurationName = Release;
		};
/* End XCConfigurationList section */
	};
	rootObject = EE383D771E2CC41C00EF6F41 /* Project object */;
}
